<?xml version="1.0" encoding="UTF-8" standalone="yes" ?>
<CodeBlocks_project_file>
	<FileVersion major="1" minor="6" />
	<Project>
		<Option title="Jurpa clicker2" />
		<Option pch_mode="2" />
		<Option compiler="gcc" />
		<Build>
			<Target title="Debug">
				<Option output="bin/Debug/Jurpa clicker2" prefix_auto="1" extension_auto="1" />
				<Option object_output="obj/Debug/" />
				<Option type="0" />
				<Option compiler="gcc" />
				<Compiler>
					<Add option="-g" />
					<Add option="-DSFML_STATIC" />
					<Add directory="G:/workspaceC/Libraries/SFML-2.2/include" />
				</Compiler>
				<Linker>
					<Add library="sfml-graphics" />
					<Add library="sfml-window" />
					<Add library="sfml-system" />
					<Add directory="G:/workspaceC/Libraries/SFML-2.2/lib" />
				</Linker>
			</Target>
		</Build>
		<Compiler>
			<Add option="-Wall" />
			<Add option="-fexceptions" />
			<Add option="-DSFML_STATIC" />
			<Add directory="G:/workspaceC/Libraries/SFML-2.2/include" />
		</Compiler>
		<Linker>
			<Add library="sfml-graphics" />
			<Add library="sfml-window" />
			<Add library="sfml-system" />
			<Add directory="G:/workspaceC/Libraries/SFML-2.2/lib" />
		</Linker>
		<Unit filename="BigInteger.cpp" />
		<Unit filename="BigInteger.h" />
		<Unit filename="Building.cpp" />
		<Unit filename="Building.h" />
		<Unit filename="BuildingsInfo.cpp" />
		<Unit filename="BuildingsInfo.h" />
		<Unit filename="GameConstants.h">
			<Option target="&lt;{~None~}&gt;" />
		</Unit>
		<Unit filename="GameState.cpp" />
		<Unit filename="GameState.h" />
		<Unit filename="InfoPopup.cpp" />
		<Unit filename="InfoPopup.h" />
		<Unit filename="SaveLoader.cpp" />
		<Unit filename="SaveLoader.h" />
		<Unit filename="UpgradeAbstract.cpp">
			<Option target="&lt;{~None~}&gt;" />
		</Unit>
		<Unit filename="UpgradeAbstract.h">
			<Option target="&lt;{~None~}&gt;" />
		</Unit>
		<Unit filename="UpgradeType1.cpp" />
		<Unit filename="UpgradeType1.h" />
		<Unit filename="UpgradeType2.cpp" />
		<Unit filename="UpgradeType2.h" />
		<Unit filename="Util.cpp" />
		<Unit filename="Util.h" />
		<Unit filename="includer.h" />
		<Unit filename="main.cpp" />
		<Unit filename="save.txt" />
		<Extensions>
			<code_completion />
			<envvars />
			<debugger />
			<lib_finder disable_auto="1">
				<lib name="SFML" />
			</lib_finder>
			<DoxyBlocks>
				<comment_style block="0" line="0" />
				<doxyfile_project />
				<doxyfile_build />
				<doxyfile_warnings />
				<doxyfile_output />
				<doxyfile_dot />
				<general />
			</DoxyBlocks>
		</Extensions>
	</Project>
</CodeBlocks_project_file>
