<?xml version="1.0" encoding="UTF-8" standalone="yes" ?>
<CodeBlocks_project_file>
	<FileVersion major="1" minor="6" />
	<Project>
		<Option title="Jurpa Clicker" />
		<Option pch_mode="2" />
		<Option compiler="gcc" />
		<Build>
			<Target title="Debug">
				<Option output="bin/Debug/Jurpa Clicker" prefix_auto="1" extension_auto="1" />
				<Option object_output="obj/Debug/" />
				<Option type="1" />
				<Option compiler="gcc" />
				<Compiler>
					<Add option="-std=c++11" />
					<Add option="-g" />
					<Add option="-DSFML_STATIC" />
					<Add directory="C:/Program Files (x86)/CodeBlocks/SFML-2.3.2/include" />
					<Add directory="include" />
				</Compiler>
				<Linker>
					<Add library="opengl32" />
					<Add library="freetype" />
					<Add library="jpeg" />
					<Add library="winmm" />
					<Add library="gdi32" />
					<Add library="ws2_32" />
					<Add library="sfml-graphics-d" />
					<Add library="sfml-window-d" />
					<Add library="sfml-system-d" />
					<Add directory="C:/Program Files (x86)/CodeBlocks/SFML-2.3.2/lib" />
				</Linker>
			</Target>
			<Target title="Release">
				<Option output="bin/Release/Jurpa Clicker" prefix_auto="1" extension_auto="1" />
				<Option object_output="obj/Release/" />
				<Option type="1" />
				<Option compiler="gcc" />
				<Compiler>
					<Add option="-O2" />
					<Add directory="C:/Program Files (x86)/CodeBlocks/SFML-2.3.2/include" />
					<Add directory="include" />
				</Compiler>
				<Linker>
					<Add option="-s" />
					<Add library="opengl32" />
					<Add library="freetype" />
					<Add library="jpeg" />
					<Add library="winmm" />
					<Add library="gdi32" />
					<Add library="ws2_32" />
					<Add library="sfml-graphics" />
					<Add library="sfml-window" />
					<Add library="sfml-system" />
					<Add directory="C:/Program Files (x86)/CodeBlocks/SFML-2.3.2/lib" />
				</Linker>
			</Target>
		</Build>
		<Compiler>
			<Add option="-Wall" />
			<Add option="-fexceptions" />
			<Add directory="C:/Program Files (x86)/CodeBlocks/SFML-2.3.2/include" />
		</Compiler>
		<Linker>
			<Add library="opengl32" />
			<Add library="freetype" />
			<Add library="jpeg" />
			<Add library="winmm" />
			<Add library="gdi32" />
			<Add library="ws2_32" />
			<Add library="sfml-graphics" />
			<Add library="sfml-window" />
			<Add library="sfml-system" />
			<Add directory="C:/Program Files (x86)/CodeBlocks/SFML-2.3.2/lib" />
		</Linker>
		<Unit filename="BigInteger.cpp" />
		<Unit filename="BigInteger.h" />
		<Unit filename="Building.cpp" />
		<Unit filename="Building.h" />
		<Unit filename="BuildingsInfo.cpp" />
		<Unit filename="BuildingsInfo.h" />
		<Unit filename="GameConstants.h" />
		<Unit filename="GameState.cpp" />
		<Unit filename="GameState.h" />
		<Unit filename="InfoPopup.cpp" />
		<Unit filename="InfoPopup.h" />
		<Unit filename="SaveLoader.cpp" />
		<Unit filename="SaveLoader.h" />
		<Unit filename="UpgradeType1.cpp" />
		<Unit filename="UpgradeType1.h" />
		<Unit filename="UpgradeType2.cpp" />
		<Unit filename="UpgradeType2.h" />
		<Unit filename="Util.h" />
		<Unit filename="include/Upgrade.h" />
		<Unit filename="includer.h" />
		<Unit filename="main.cpp" />
		<Unit filename="src/Upgrade.cpp" />
		<Extensions>
			<code_completion />
			<envvars />
			<debugger />
			<lib_finder disable_auto="1" />
		</Extensions>
	</Project>
</CodeBlocks_project_file>
